
Microsoft Visual Studio Solution File, Format Version 10.00
# Visual Studio 2008
Project("{FAE04EC0-301F-11D3-BF4B-00C04F79EFBC}") = "gleed2d", "gleed2d\gleed2d.csproj", "{48A02BD1-0377-4FEA-A8D8-5586A60789F1}"
EndProject
Global
	GlobalSection(SolutionConfigurationPlatforms) = preSolution
		Debug|x86 = Debug|x86
		Release|x86 = Release|x86
	EndGlobalSection
	GlobalSection(ProjectConfigurationPlatforms) = postSolution
		{48A02BD1-0377-4FEA-A8D8-5586A60789F1}.Debug|x86.ActiveCfg = Debug|x86
		{48A02BD1-0377-4FEA-A8D8-5586A60789F1}.Debug|x86.Build.0 = Debug|x86
		{48A02BD1-0377-4FEA-A8D8-5586A60789F1}.Release|x86.ActiveCfg = Release|x86
		{48A02BD1-0377-4FEA-A8D8-5586A60789F1}.Release|x86.Build.0 = Release|x86
		{3BADB268-2C1F-48EC-947B-EA7F16B1FA1B}.Debug|x86.ActiveCfg = Debug|x86
		{3BADB268-2C1F-48EC-947B-EA7F16B1FA1B}.Release|x86.ActiveCfg = Release|x86
	EndGlobalSection
	GlobalSection(SolutionProperties) = preSolution
		HideSolutionNode = FALSE
	EndGlobalSection
EndGlobal
